
Microsoft Visual Studio Solution File, Format Version 12.00
# Visual Studio 15
VisualStudioVersion = 15.0.28307.572
MinimumVisualStudioVersion = 10.0.40219.1
Project("{FAE04EC0-301F-11D3-BF4B-00C04F79EFBC}") = "EchoButtons", "EchoButtons\EchoButtons.csproj", "{D04DCD21-2EAB-41F6-A9BD-F567660D92E2}"
EndProject
Global
	GlobalSection(SolutionConfigurationPlatforms) = preSolution
		Debug|Any CPU = Debug|Any CPU
		Release|Any CPU = Release|Any CPU
	EndGlobalSection
	GlobalSection(ProjectConfigurationPlatforms) = postSolution
		{D04DCD21-2EAB-41F6-A9BD-F567660D92E2}.Debug|Any CPU.ActiveCfg = Debug|Any CPU
		{D04DCD21-2EAB-41F6-A9BD-F567660D92E2}.Debug|Any CPU.Build.0 = Debug|Any CPU
		{D04DCD21-2EAB-41F6-A9BD-F567660D92E2}.Release|Any CPU.ActiveCfg = Release|Any CPU
		{D04DCD21-2EAB-41F6-A9BD-F567660D92E2}.Release|Any CPU.Build.0 = Release|Any CPU
	EndGlobalSection
	GlobalSection(SolutionProperties) = preSolution
		HideSolutionNode = FALSE
	EndGlobalSection
	GlobalSection(ExtensibilityGlobals) = postSolution
		SolutionGuid = {A7269545-B347-478C-B051-FA36F245C8DC}
	EndGlobalSection
EndGlobal
